
Microsoft Visual Studio Solution File, Format Version 12.00
# Visual Studio Version 16
VisualStudioVersion = 16.0.33130.400
MinimumVisualStudioVersion = 10.0.40219.1
Project("{FAE04EC0-301F-11D3-BF4B-00C04F79EFBC}") = "QL_ShopDongHo", "QL_ShopDongHo\QL_ShopDongHo.csproj", "{DB1D920C-74A2-46B0-9323-198A6F4A3DB6}"
EndProject
Global
	GlobalSection(SolutionConfigurationPlatforms) = preSolution
		Debug|Any CPU = Debug|Any CPU
		Release|Any CPU = Release|Any CPU
	EndGlobalSection
	GlobalSection(ProjectConfigurationPlatforms) = postSolution
		{DB1D920C-74A2-46B0-9323-198A6F4A3DB6}.Debug|Any CPU.ActiveCfg = Debug|Any CPU
		{DB1D920C-74A2-46B0-9323-198A6F4A3DB6}.Debug|Any CPU.Build.0 = Debug|Any CPU
		{DB1D920C-74A2-46B0-9323-198A6F4A3DB6}.Release|Any CPU.ActiveCfg = Release|Any CPU
		{DB1D920C-74A2-46B0-9323-198A6F4A3DB6}.Release|Any CPU.Build.0 = Release|Any CPU
	EndGlobalSection
	GlobalSection(SolutionProperties) = preSolution
		HideSolutionNode = FALSE
	EndGlobalSection
	GlobalSection(ExtensibilityGlobals) = postSolution
		SolutionGuid = {37E6B1C0-EF68-45CE-8113-882BE9939DB5}
	EndGlobalSection
EndGlobal
